// !$*UTF8*$!
{
	archiveVersion = 1;
	classes = {
	};
	objectVersion = 50;
	objects = {

/* Begin PBXBuildFile section */
		9806F11B22A11F0600BABE60 /* AppDelegate.swift in Sources */ = {isa = PBXBuildFile; fileRef = 9806F11A22A11F0600BABE60 /* AppDelegate.swift */; };
		9806F11F22A11F0600BABE60 /* Assets.xcassets in Resources */ = {isa = PBXBuildFile; fileRef = 9806F11E22A11F0600BABE60 /* Assets.xcassets */; };
		9806F13022A1216900BABE60 /* WeatherViewController.swift in Sources */ = {isa = PBXBuildFile; fileRef = 9806F12F22A1216900BABE60 /* WeatherViewController.swift */; };
		9806F13322A125E300BABE60 /* WebKit.framework in Frameworks */ = {isa = PBXBuildFile; fileRef = 9806F13222A125E300BABE60 /* WebKit.framework */; };
		9806F13522A12D6000BABE60 /* WeatherService.swift in Sources */ = {isa = PBXBuildFile; fileRef = 9806F13422A12D6000BABE60 /* WeatherService.swift */; };
		987512D622A5172F0084A820 /* StatusBarHandler.swift in Sources */ = {isa = PBXBuildFile; fileRef = 987512D522A5172F0084A820 /* StatusBarHandler.swift */; };
		987512D922A517C80084A820 /* Context.swift in Sources */ = {isa = PBXBuildFile; fileRef = 987512D822A517C80084A820 /* Context.swift */; };
		9886C8F822AF6B83003CF540 /* WeatherServiceError.swift in Sources */ = {isa = PBXBuildFile; fileRef = 9886C8F722AF6B83003CF540 /* WeatherServiceError.swift */; };
		98FFFF5322AF772C00C3ED5F /* WeatherViewController.storyboard in Resources */ = {isa = PBXBuildFile; fileRef = 98FFFF5222AF772C00C3ED5F /* WeatherViewController.storyboard */; };
		98FFFF7122AF7B0000C3ED5F /* main.swift in Sources */ = {isa = PBXBuildFile; fileRef = 98FFFF7022AF7B0000C3ED5F /* main.swift */; };
		98FFFF7422AF7B5600C3ED5F /* WeatherTransform.js in Resources */ = {isa = PBXBuildFile; fileRef = 98FFFF7322AF7B5600C3ED5F /* WeatherTransform.js */; };
/* End PBXBuildFile section */

/* Begin PBXFileReference section */
		9806F11722A11F0600BABE60 /* NSUWeather.app */ = {isa = PBXFileReference; explicitFileType = wrapper.application; includeInIndex = 0; path = NSUWeather.app; sourceTree = BUILT_PRODUCTS_DIR; };
		9806F11A22A11F0600BABE60 /* AppDelegate.swift */ = {isa = PBXFileReference; lastKnownFileType = sourcecode.swift; path = AppDelegate.swift; sourceTree = "<group>"; };
		9806F11E22A11F0600BABE60 /* Assets.xcassets */ = {isa = PBXFileReference; lastKnownFileType = folder.assetcatalog; path = Assets.xcassets; sourceTree = "<group>"; };
		9806F12322A11F0600BABE60 /* Info.plist */ = {isa = PBXFileReference; lastKnownFileType = text.plist.xml; path = Info.plist; sourceTree = "<group>"; };
		9806F12422A11F0600BABE60 /* NSUWeather.entitlements */ = {isa = PBXFileReference; lastKnownFileType = text.plist.entitlements; path = NSUWeather.entitlements; sourceTree = "<group>"; };
		9806F12F22A1216900BABE60 /* WeatherViewController.swift */ = {isa = PBXFileReference; lastKnownFileType = sourcecode.swift; path = WeatherViewController.swift; sourceTree = "<group>"; };
		9806F13222A125E300BABE60 /* WebKit.framework */ = {isa = PBXFileReference; lastKnownFileType = wrapper.framework; name = WebKit.framework; path = System/Library/Frameworks/WebKit.framework; sourceTree = SDKROOT; };
		9806F13422A12D6000BABE60 /* WeatherService.swift */ = {isa = PBXFileReference; lastKnownFileType = sourcecode.swift; path = WeatherService.swift; sourceTree = "<group>"; };
		987512D522A5172F0084A820 /* StatusBarHandler.swift */ = {isa = PBXFileReference; lastKnownFileType = sourcecode.swift; path = StatusBarHandler.swift; sourceTree = "<group>"; };
		987512D822A517C80084A820 /* Context.swift */ = {isa = PBXFileReference; lastKnownFileType = sourcecode.swift; path = Context.swift; sourceTree = "<group>"; };
		9886C8F722AF6B83003CF540 /* WeatherServiceError.swift */ = {isa = PBXFileReference; lastKnownFileType = sourcecode.swift; path = WeatherServiceError.swift; sourceTree = "<group>"; };
		98FFFF5222AF772C00C3ED5F /* WeatherViewController.storyboard */ = {isa = PBXFileReference; lastKnownFileType = file.storyboard; path = WeatherViewController.storyboard; sourceTree = "<group>"; };
		98FFFF7022AF7B0000C3ED5F /* main.swift */ = {isa = PBXFileReference; lastKnownFileType = sourcecode.swift; path = main.swift; sourceTree = "<group>"; };
		98FFFF7322AF7B5600C3ED5F /* WeatherTransform.js */ = {isa = PBXFileReference; lastKnownFileType = sourcecode.javascript; path = WeatherTransform.js; sourceTree = "<group>"; };
/* End PBXFileReference section */

/* Begin PBXFrameworksBuildPhase section */
		9806F11422A11F0600BABE60 /* Frameworks */ = {
			isa = PBXFrameworksBuildPhase;
			buildActionMask = 2147483647;
			files = (
				9806F13322A125E300BABE60 /* WebKit.framework in Frameworks */,
			);
			runOnlyForDeploymentPostprocessing = 0;
		};
/* End PBXFrameworksBuildPhase section */

/* Begin PBXGroup section */
		9806F10E22A11F0500BABE60 = {
			isa = PBXGroup;
			children = (
				9806F11922A11F0600BABE60 /* NSUWeather */,
				9806F11822A11F0600BABE60 /* Products */,
				9806F13122A125E300BABE60 /* Frameworks */,
			);
			sourceTree = "<group>";
		};
		9806F11822A11F0600BABE60 /* Products */ = {
			isa = PBXGroup;
			children = (
				9806F11722A11F0600BABE60 /* NSUWeather.app */,
			);
			name = Products;
			sourceTree = "<group>";
		};
		9806F11922A11F0600BABE60 /* NSUWeather */ = {
			isa = PBXGroup;
			children = (
				987512D722A517BB0084A820 /* Context */,
				9806F12D22A1203F00BABE60 /* Modules */,
				9806F12B22A1200E00BABE60 /* Resources */,
			);
			path = NSUWeather;
			sourceTree = "<group>";
		};
		9806F12B22A1200E00BABE60 /* Resources */ = {
			isa = PBXGroup;
			children = (
				98FFFF7222AF7B2500C3ED5F /* JavaScript */,
				9806F11E22A11F0600BABE60 /* Assets.xcassets */,
				9806F12322A11F0600BABE60 /* Info.plist */,
				9806F12422A11F0600BABE60 /* NSUWeather.entitlements */,
			);
			path = Resources;
			sourceTree = "<group>";
		};
		9806F12C22A1202E00BABE60 /* Services */ = {
			isa = PBXGroup;
			children = (
				9806F13422A12D6000BABE60 /* WeatherService.swift */,
				9886C8F722AF6B83003CF540 /* WeatherServiceError.swift */,
			);
			path = Services;
			sourceTree = "<group>";
		};
		9806F12D22A1203F00BABE60 /* Modules */ = {
			isa = PBXGroup;
			children = (
				987512D422A517180084A820 /* StatusBarHandler */,
				9806F12E22A1213400BABE60 /* WeatherViewController */,
				9806F11A22A11F0600BABE60 /* AppDelegate.swift */,
				98FFFF7022AF7B0000C3ED5F /* main.swift */,
			);
			path = Modules;
			sourceTree = "<group>";
		};
		9806F12E22A1213400BABE60 /* WeatherViewController */ = {
			isa = PBXGroup;
			children = (
				9806F12F22A1216900BABE60 /* WeatherViewController.swift */,
				98FFFF5222AF772C00C3ED5F /* WeatherViewController.storyboard */,
			);
			path = WeatherViewController;
			sourceTree = "<group>";
		};
		9806F13122A125E300BABE60 /* Frameworks */ = {
			isa = PBXGroup;
			children = (
				9806F13222A125E300BABE60 /* WebKit.framework */,
			);
			name = Frameworks;
			sourceTree = "<group>";
		};
		987512D422A517180084A820 /* StatusBarHandler */ = {
			isa = PBXGroup;
			children = (
				987512D522A5172F0084A820 /* StatusBarHandler.swift */,
			);
			path = StatusBarHandler;
			sourceTree = "<group>";
		};
		987512D722A517BB0084A820 /* Context */ = {
			isa = PBXGroup;
			children = (
				9806F12C22A1202E00BABE60 /* Services */,
				987512D822A517C80084A820 /* Context.swift */,
			);
			path = Context;
			sourceTree = "<group>";
		};
		98FFFF7222AF7B2500C3ED5F /* JavaScript */ = {
			isa = PBXGroup;
			children = (
				98FFFF7322AF7B5600C3ED5F /* WeatherTransform.js */,
			);
			path = JavaScript;
			sourceTree = "<group>";
		};
/* End PBXGroup section */

/* Begin PBXNativeTarget section */
		9806F11622A11F0600BABE60 /* NSUWeather */ = {
			isa = PBXNativeTarget;
			buildConfigurationList = 9806F12722A11F0600BABE60 /* Build configuration list for PBXNativeTarget "NSUWeather" */;
			buildPhases = (
				9806F11322A11F0600BABE60 /* Sources */,
				9806F11422A11F0600BABE60 /* Frameworks */,
				9806F11522A11F0600BABE60 /* Resources */,
			);
			buildRules = (
			);
			dependencies = (
			);
			name = NSUWeather;
			productName = NSUWeather;
			productReference = 9806F11722A11F0600BABE60 /* NSUWeather.app */;
			productType = "com.apple.product-type.application";
		};
/* End PBXNativeTarget section */

/* Begin PBXProject section */
		9806F10F22A11F0500BABE60 /* Project object */ = {
			isa = PBXProject;
			attributes = {
				LastSwiftUpdateCheck = 1020;
				LastUpgradeCheck = 1020;
				ORGANIZATIONNAME = "Vyacheslav Mistyurin";
				TargetAttributes = {
					9806F11622A11F0600BABE60 = {
						CreatedOnToolsVersion = 10.2;
						SystemCapabilities = {
							com.apple.Sandbox = {
								enabled = 1;
							};
						};
					};
				};
			};
			buildConfigurationList = 9806F11222A11F0500BABE60 /* Build configuration list for PBXProject "NSUWeather" */;
			compatibilityVersion = "Xcode 9.3";
			developmentRegion = en;
			hasScannedForEncodings = 0;
			knownRegions = (
				en,
				Base,
			);
			mainGroup = 9806F10E22A11F0500BABE60;
			productRefGroup = 9806F11822A11F0600BABE60 /* Products */;
			projectDirPath = "";
			projectRoot = "";
			targets = (
				9806F11622A11F0600BABE60 /* NSUWeather */,
			);
		};
/* End PBXProject section */

/* Begin PBXResourcesBuildPhase section */
		9806F11522A11F0600BABE60 /* Resources */ = {
			isa = PBXResourcesBuildPhase;
			buildActionMask = 2147483647;
			files = (
				9806F11F22A11F0600BABE60 /* Assets.xcassets in Resources */,
				98FFFF7422AF7B5600C3ED5F /* WeatherTransform.js in Resources */,
				98FFFF5322AF772C00C3ED5F /* WeatherViewController.storyboard in Resources */,
			);
			runOnlyForDeploymentPostprocessing = 0;
		};
/* End PBXResourcesBuildPhase section */

/* Begin PBXSourcesBuildPhase section */
		9806F11322A11F0600BABE60 /* Sources */ = {
			isa = PBXSourcesBuildPhase;
			buildActionMask = 2147483647;
			files = (
				987512D622A5172F0084A820 /* StatusBarHandler.swift in Sources */,
				98FFFF7122AF7B0000C3ED5F /* main.swift in Sources */,
				9806F13022A1216900BABE60 /* WeatherViewController.swift in Sources */,
				9806F13522A12D6000BABE60 /* WeatherService.swift in Sources */,
				9886C8F822AF6B83003CF540 /* WeatherServiceError.swift in Sources */,
				987512D922A517C80084A820 /* Context.swift in Sources */,
				9806F11B22A11F0600BABE60 /* AppDelegate.swift in Sources */,
			);
			runOnlyForDeploymentPostprocessing = 0;
		};
/* End PBXSourcesBuildPhase section */

/* Begin XCBuildConfiguration section */
		9806F12522A11F0600BABE60 /* Debug */ = {
			isa = XCBuildConfiguration;
			buildSettings = {
				ALWAYS_SEARCH_USER_PATHS = NO;
				CLANG_ANALYZER_NONNULL = YES;
				CLANG_ANALYZER_NUMBER_OBJECT_CONVERSION = YES_AGGRESSIVE;
				CLANG_CXX_LANGUAGE_STANDARD = "gnu++14";
				CLANG_CXX_LIBRARY = "libc++";
				CLANG_ENABLE_MODULES = YES;
				CLANG_ENABLE_OBJC_ARC = YES;
				CLANG_ENABLE_OBJC_WEAK = YES;
				CLANG_WARN_BLOCK_CAPTURE_AUTORELEASING = YES;
				CLANG_WARN_BOOL_CONVERSION = YES;
				CLANG_WARN_COMMA = YES;
				CLANG_WARN_CONSTANT_CONVERSION = YES;
				CLANG_WARN_DEPRECATED_OBJC_IMPLEMENTATIONS = YES;
				CLANG_WARN_DIRECT_OBJC_ISA_USAGE = YES_ERROR;
				CLANG_WARN_DOCUMENTATION_COMMENTS = YES;
				CLANG_WARN_EMPTY_BODY = YES;
				CLANG_WARN_ENUM_CONVERSION = YES;
				CLANG_WARN_INFINITE_RECURSION = YES;
				CLANG_WARN_INT_CONVERSION = YES;
				CLANG_WARN_NON_LITERAL_NULL_CONVERSION = YES;
				CLANG_WARN_OBJC_IMPLICIT_RETAIN_SELF = YES;
				CLANG_WARN_OBJC_LITERAL_CONVERSION = YES;
				CLANG_WARN_OBJC_ROOT_CLASS = YES_ERROR;
				CLANG_WARN_RANGE_LOOP_ANALYSIS = YES;
				CLANG_WARN_STRICT_PROTOTYPES = YES;
				CLANG_WARN_SUSPICIOUS_MOVE = YES;
				CLANG_WARN_UNGUARDED_AVAILABILITY = YES_AGGRESSIVE;
				CLANG_WARN_UNREACHABLE_CODE = YES;
				CLANG_WARN__DUPLICATE_METHOD_MATCH = YES;
				CODE_SIGN_IDENTITY = "-";
				COPY_PHASE_STRIP = NO;
				DEBUG_INFORMATION_FORMAT = dwarf;
				ENABLE_STRICT_OBJC_MSGSEND = YES;
				ENABLE_TESTABILITY = YES;
				GCC_C_LANGUAGE_STANDARD = gnu11;
				GCC_DYNAMIC_NO_PIC = NO;
				GCC_NO_COMMON_BLOCKS = YES;
				GCC_OPTIMIZATION_LEVEL = 0;
				GCC_PREPROCESSOR_DEFINITIONS = (
					"DEBUG=1",
					"$(inherited)",
				);
				GCC_WARN_64_TO_32_BIT_CONVERSION = YES;
				GCC_WARN_ABOUT_RETURN_TYPE = YES_ERROR;
				GCC_WARN_UNDECLARED_SELECTOR = YES;
				GCC_WARN_UNINITIALIZED_AUTOS = YES_AGGRESSIVE;
				GCC_WARN_UNUSED_FUNCTION = YES;
				GCC_WARN_UNUSED_VARIABLE = YES;
				MACOSX_DEPLOYMENT_TARGET = 10.14;
				MTL_ENABLE_DEBUG_INFO = INCLUDE_SOURCE;
				MTL_FAST_MATH = YES;
				ONLY_ACTIVE_ARCH = YES;
				SDKROOT = macosx;
				SWIFT_ACTIVE_COMPILATION_CONDITIONS = DEBUG;
				SWIFT_OPTIMIZATION_LEVEL = "-Onone";
			};
			name = Debug;
		};
		9806F12622A11F0600BABE60 /* Release */ = {
			isa = XCBuildConfiguration;
			buildSettings = {
				ALWAYS_SEARCH_USER_PATHS = NO;
				CLANG_ANALYZER_NONNULL = YES;
				CLANG_ANALYZER_NUMBER_OBJECT_CONVERSION = YES_AGGRESSIVE;
				CLANG_CXX_LANGUAGE_STANDARD = "gnu++14";
				CLANG_CXX_LIBRARY = "libc++";
				CLANG_ENABLE_MODULES = YES;
				CLANG_ENABLE_OBJC_ARC = YES;
				CLANG_ENABLE_OBJC_WEAK = YES;
				CLANG_WARN_BLOCK_CAPTURE_AUTORELEASING = YES;
				CLANG_WARN_BOOL_CONVERSION = YES;
				CLANG_WARN_COMMA = YES;
				CLANG_WARN_CONSTANT_CONVERSION = YES;
				CLANG_WARN_DEPRECATED_OBJC_IMPLEMENTATIONS = YES;
				CLANG_WARN_DIRECT_OBJC_ISA_USAGE = YES_ERROR;
				CLANG_WARN_DOCUMENTATION_COMMENTS = YES;
				CLANG_WARN_EMPTY_BODY = YES;
				CLANG_WARN_ENUM_CONVERSION = YES;
				CLANG_WARN_INFINITE_RECURSION = YES;
				CLANG_WARN_INT_CONVERSION = YES;
				CLANG_WARN_NON_LITERAL_NULL_CONVERSION = YES;
				CLANG_WARN_OBJC_IMPLICIT_RETAIN_SELF = YES;
				CLANG_WARN_OBJC_LITERAL_CONVERSION = YES;
				CLANG_WARN_OBJC_ROOT_CLASS = YES_ERROR;
				CLANG_WARN_RANGE_LOOP_ANALYSIS = YES;
				CLANG_WARN_STRICT_PROTOTYPES = YES;
				CLANG_WARN_SUSPICIOUS_MOVE = YES;
				CLANG_WARN_UNGUARDED_AVAILABILITY = YES_AGGRESSIVE;
				CLANG_WARN_UNREACHABLE_CODE = YES;
				CLANG_WARN__DUPLICATE_METHOD_MATCH = YES;
				CODE_SIGN_IDENTITY = "-";
				COPY_PHASE_STRIP = NO;
				DEBUG_INFORMATION_FORMAT = "dwarf-with-dsym";
				ENABLE_NS_ASSERTIONS = NO;
				ENABLE_STRICT_OBJC_MSGSEND = YES;
				GCC_C_LANGUAGE_STANDARD = gnu11;
				GCC_NO_COMMON_BLOCKS = YES;
				GCC_WARN_64_TO_32_BIT_CONVERSION = YES;
				GCC_WARN_ABOUT_RETURN_TYPE = YES_ERROR;
				GCC_WARN_UNDECLARED_SELECTOR = YES;
				GCC_WARN_UNINITIALIZED_AUTOS = YES_AGGRESSIVE;
				GCC_WARN_UNUSED_FUNCTION = YES;
				GCC_WARN_UNUSED_VARIABLE = YES;
				MACOSX_DEPLOYMENT_TARGET = 10.14;
				MTL_ENABLE_DEBUG_INFO = NO;
				MTL_FAST_MATH = YES;
				SDKROOT = macosx;
				SWIFT_COMPILATION_MODE = wholemodule;
				SWIFT_OPTIMIZATION_LEVEL = "-O";
			};
			name = Release;
		};
		9806F12822A11F0600BABE60 /* Debug */ = {
			isa = XCBuildConfiguration;
			buildSettings = {
				ASSETCATALOG_COMPILER_APPICON_NAME = AppIcon;
				CODE_SIGN_ENTITLEMENTS = NSUWeather/Resources/NSUWeather.entitlements;
				CODE_SIGN_STYLE = Manual;
				COMBINE_HIDPI_IMAGES = YES;
				DEVELOPMENT_TEAM = "";
				INFOPLIST_FILE = "$(SRCROOT)/NSUWeather/Resources/Info.plist";
				LD_RUNPATH_SEARCH_PATHS = (
					"$(inherited)",
					"@executable_path/../Frameworks",
				);
				PRODUCT_BUNDLE_IDENTIFIER = com.me.NSUWeather;
				PRODUCT_NAME = "$(TARGET_NAME)";
				PROVISIONING_PROFILE_SPECIFIER = "";
				SWIFT_VERSION = 5.0;
			};
			name = Debug;
		};
		9806F12922A11F0600BABE60 /* Release */ = {
			isa = XCBuildConfiguration;
			buildSettings = {
				ASSETCATALOG_COMPILER_APPICON_NAME = AppIcon;
				CODE_SIGN_ENTITLEMENTS = NSUWeather/Resources/NSUWeather.entitlements;
				CODE_SIGN_STYLE = Manual;
				COMBINE_HIDPI_IMAGES = YES;
				DEVELOPMENT_TEAM = "";
				INFOPLIST_FILE = "$(SRCROOT)/NSUWeather/Resources/Info.plist";
				LD_RUNPATH_SEARCH_PATHS = (
					"$(inherited)",
					"@executable_path/../Frameworks",
				);
				PRODUCT_BUNDLE_IDENTIFIER = com.me.NSUWeather;
				PRODUCT_NAME = "$(TARGET_NAME)";
				PROVISIONING_PROFILE_SPECIFIER = "";
				SWIFT_VERSION = 5.0;
			};
			name = Release;
		};
/* End XCBuildConfiguration section */

/* Begin XCConfigurationList section */
		9806F11222A11F0500BABE60 /* Build configuration list for PBXProject "NSUWeather" */ = {
			isa = XCConfigurationList;
			buildConfigurations = (
				9806F12522A11F0600BABE60 /* Debug */,
				9806F12622A11F0600BABE60 /* Release */,
			);
			defaultConfigurationIsVisible = 0;
			defaultConfigurationName = Release;
		};
		9806F12722A11F0600BABE60 /* Build configuration list for PBXNativeTarget "NSUWeather" */ = {
			isa = XCConfigurationList;
			buildConfigurations = (
				9806F12822A11F0600BABE60 /* Debug */,
				9806F12922A11F0600BABE60 /* Release */,
			);
			defaultConfigurationIsVisible = 0;
			defaultConfigurationName = Release;
		};
/* End XCConfigurationList section */
	};
	rootObject = 9806F10F22A11F0500BABE60 /* Project object */;
}
